
Microsoft Visual Studio Solution File, Format Version 12.00
# Visual Studio Version 16
VisualStudioVersion = 16.0.31727.386
MinimumVisualStudioVersion = 10.0.40219.1
Project("{FAE04EC0-301F-11D3-BF4B-00C04F79EFBC}") = "SpeechRecognition1", "SpeechRecognition1\SpeechRecognition1.csproj", "{98175513-6294-4077-AD85-596BA95AC9E2}"
EndProject
Global
	GlobalSection(SolutionConfigurationPlatforms) = preSolution
		Debug|Any CPU = Debug|Any CPU
		Release|Any CPU = Release|Any CPU
	EndGlobalSection
	GlobalSection(ProjectConfigurationPlatforms) = postSolution
		{98175513-6294-4077-AD85-596BA95AC9E2}.Debug|Any CPU.ActiveCfg = Debug|Any CPU
		{98175513-6294-4077-AD85-596BA95AC9E2}.Debug|Any CPU.Build.0 = Debug|Any CPU
		{98175513-6294-4077-AD85-596BA95AC9E2}.Release|Any CPU.ActiveCfg = Release|Any CPU
		{98175513-6294-4077-AD85-596BA95AC9E2}.Release|Any CPU.Build.0 = Release|Any CPU
	EndGlobalSection
	GlobalSection(SolutionProperties) = preSolution
		HideSolutionNode = FALSE
	EndGlobalSection
	GlobalSection(ExtensibilityGlobals) = postSolution
		SolutionGuid = {D14E7D98-5A95-491E-893D-650E57E45487}
	EndGlobalSection
EndGlobal
